
Microsoft Visual Studio Solution File, Format Version 12.00
# Visual Studio Version 17
VisualStudioVersion = 17.6.33829.357
MinimumVisualStudioVersion = 10.0.40219.1
Project("{FAE04EC0-301F-11D3-BF4B-00C04F79EFBC}") = "CoffeeShopAPI", "CoffeeShopAPI\CoffeeShopAPI.csproj", "{AE4D2F0C-1AF8-41DC-9E35-0B374F6040ED}"
EndProject
Project("{FAE04EC0-301F-11D3-BF4B-00C04F79EFBC}") = "DataAccess", "DataAccess\DataAccess.csproj", "{2DA39D70-C224-44BD-8E70-C5AA31FE5C8B}"
EndProject
Global
	GlobalSection(SolutionConfigurationPlatforms) = preSolution
		Debug|Any CPU = Debug|Any CPU
		Release|Any CPU = Release|Any CPU
	EndGlobalSection
	GlobalSection(ProjectConfigurationPlatforms) = postSolution
		{AE4D2F0C-1AF8-41DC-9E35-0B374F6040ED}.Debug|Any CPU.ActiveCfg = Debug|Any CPU
		{AE4D2F0C-1AF8-41DC-9E35-0B374F6040ED}.Debug|Any CPU.Build.0 = Debug|Any CPU
		{AE4D2F0C-1AF8-41DC-9E35-0B374F6040ED}.Release|Any CPU.ActiveCfg = Release|Any CPU
		{AE4D2F0C-1AF8-41DC-9E35-0B374F6040ED}.Release|Any CPU.Build.0 = Release|Any CPU
		{2DA39D70-C224-44BD-8E70-C5AA31FE5C8B}.Debug|Any CPU.ActiveCfg = Debug|Any CPU
		{2DA39D70-C224-44BD-8E70-C5AA31FE5C8B}.Debug|Any CPU.Build.0 = Debug|Any CPU
		{2DA39D70-C224-44BD-8E70-C5AA31FE5C8B}.Release|Any CPU.ActiveCfg = Release|Any CPU
		{2DA39D70-C224-44BD-8E70-C5AA31FE5C8B}.Release|Any CPU.Build.0 = Release|Any CPU
	EndGlobalSection
	GlobalSection(SolutionProperties) = preSolution
		HideSolutionNode = FALSE
	EndGlobalSection
	GlobalSection(ExtensibilityGlobals) = postSolution
		SolutionGuid = {CF52C3FD-A3F0-427A-AADA-279AD7B02A89}
	EndGlobalSection
EndGlobal
